{
  "lockfileVersion": 1,
  "configVersion": 1,
  "workspaces": {
    "": {
      "devDependencies": {
        "@typespec/compiler": "^1.8.0",
        "@typespec/http": "^1.8.0",
        "@typespec/openapi": "^1.8.0",
        "@typespec/openapi3": "^1.8.0",
      },
    },
  },
  "packages": {
    "@babel/code-frame": ["@babel/code-frame@7.28.6", "", { "dependencies": { "@babel/helper-validator-identifier": "^7.28.5", "js-tokens": "^4.0.0", "picocolors": "^1.1.1" } }, "sha512-JYgintcMjRiCvS8mMECzaEn+m3PfoQiyqukOMCCVQtoJGYJw8j/8LBJEiqkHLkfwCcs74E3pbAUFNg7d9VNJ+Q=="],

    "@babel/helper-validator-identifier": ["@babel/helper-validator-identifier@7.28.5", "", {}, "sha512-qSs4ifwzKJSV39ucNjsvc6WVHs6b7S03sOh2OcHF9UHfVPqWWALUsNUVzhSBiItjRZoLHx7nIarVjqKVusUZ1Q=="],

    "@inquirer/ansi": ["@inquirer/ansi@2.0.3", "", {}, "sha512-g44zhR3NIKVs0zUesa4iMzExmZpLUdTLRMCStqX3GE5NT6VkPcxQGJ+uC8tDgBUC/vB1rUhUd55cOf++4NZcmw=="],

    "@inquirer/checkbox": ["@inquirer/checkbox@5.1.0", "", { "dependencies": { "@inquirer/ansi": "^2.0.3", "@inquirer/core": "^11.1.5", "@inquirer/figures": "^2.0.3", "@inquirer/type": "^4.0.3" }, "peerDependencies": { "@types/node": ">=18" }, "optionalPeers": ["@types/node"] }, "sha512-/HjF1LN0a1h4/OFsbGKHNDtWICFU/dqXCdym719HFTyJo9IG7Otr+ziGWc9S0iQuohRZllh+WprSgd5UW5Fw0g=="],

    "@inquirer/confirm": ["@inquirer/confirm@6.0.8", "", { "dependencies": { "@inquirer/core": "^11.1.5", "@inquirer/type": "^4.0.3" }, "peerDependencies": { "@types/node": ">=18" }, "optionalPeers": ["@types/node"] }, "sha512-Di6dgmiZ9xCSUxWUReWTqDtbhXCuG2MQm2xmgSAIruzQzBqNf49b8E07/vbCYY506kDe8BiwJbegXweG8M1klw=="],

    "@inquirer/core": ["@inquirer/core@11.1.5", "", { "dependencies": { "@inquirer/ansi": "^2.0.3", "@inquirer/figures": "^2.0.3", "@inquirer/type": "^4.0.3", "cli-width": "^4.1.0", "fast-wrap-ansi": "^0.2.0", "mute-stream": "^3.0.0", "signal-exit": "^4.1.0" }, "peerDependencies": { "@types/node": ">=18" }, "optionalPeers": ["@types/node"] }, "sha512-QQPAX+lka8GyLcZ7u7Nb1h6q72iZ/oy0blilC3IB2nSt1Qqxp7akt94Jqhi/DzARuN3Eo9QwJRvtl4tmVe4T5A=="],

    "@inquirer/editor": ["@inquirer/editor@5.0.8", "", { "dependencies": { "@inquirer/core": "^11.1.5", "@inquirer/external-editor": "^2.0.3", "@inquirer/type": "^4.0.3" }, "peerDependencies": { "@types/node": ">=18" }, "optionalPeers": ["@types/node"] }, "sha512-sLcpbb9B3XqUEGrj1N66KwhDhEckzZ4nI/W6SvLXyBX8Wic3LDLENlWRvkOGpCPoserabe+MxQkpiMoI8irvyA=="],

    "@inquirer/expand": ["@inquirer/expand@5.0.8", "", { "dependencies": { "@inquirer/core": "^11.1.5", "@inquirer/type": "^4.0.3" }, "peerDependencies": { "@types/node": ">=18" }, "optionalPeers": ["@types/node"] }, "sha512-QieW3F1prNw3j+hxO7/NKkG1pk3oz7pOB6+5Upwu3OIwADfPX0oZVppsqlL+Vl/uBHHDSOBY0BirLctLnXwGGg=="],

    "@inquirer/external-editor": ["@inquirer/external-editor@2.0.3", "", { "dependencies": { "chardet": "^2.1.1", "iconv-lite": "^0.7.2" }, "peerDependencies": { "@types/node": ">=18" }, "optionalPeers": ["@types/node"] }, "sha512-LgyI7Agbda74/cL5MvA88iDpvdXI2KuMBCGRkbCl2Dg1vzHeOgs+s0SDcXV7b+WZJrv2+ERpWSM65Fpi9VfY3w=="],

    "@inquirer/figures": ["@inquirer/figures@2.0.3", "", {}, "sha512-y09iGt3JKoOCBQ3w4YrSJdokcD8ciSlMIWsD+auPu+OZpfxLuyz+gICAQ6GCBOmJJt4KEQGHuZSVff2jiNOy7g=="],

    "@inquirer/input": ["@inquirer/input@5.0.8", "", { "dependencies": { "@inquirer/core": "^11.1.5", "@inquirer/type": "^4.0.3" }, "peerDependencies": { "@types/node": ">=18" }, "optionalPeers": ["@types/node"] }, "sha512-p0IJslw0AmedLEkOU+yrEX3Aj2RTpQq7ZOf8nc1DIhjzaxRWrrgeuE5Kyh39fVRgtcACaMXx/9WNo8+GjgBOfw=="],

    "@inquirer/number": ["@inquirer/number@4.0.8", "", { "dependencies": { "@inquirer/core": "^11.1.5", "@inquirer/type": "^4.0.3" }, "peerDependencies": { "@types/node": ">=18" }, "optionalPeers": ["@types/node"] }, "sha512-uGLiQah9A0F9UIvJBX52m0CnqtLaym0WpT9V4YZrjZ+YRDKZdwwoEPz06N6w8ChE2lrnsdyhY9sL+Y690Kh9gQ=="],

    "@inquirer/password": ["@inquirer/password@5.0.8", "", { "dependencies": { "@inquirer/ansi": "^2.0.3", "@inquirer/core": "^11.1.5", "@inquirer/type": "^4.0.3" }, "peerDependencies": { "@types/node": ">=18" }, "optionalPeers": ["@types/node"] }, "sha512-zt1sF4lYLdvPqvmvHdmjOzuUUjuCQ897pdUCO8RbXMUDKXJTTyOQgtn23le+jwcb+MpHl3VAFvzIdxRAf6aPlA=="],

    "@inquirer/prompts": ["@inquirer/prompts@8.3.0", "", { "dependencies": { "@inquirer/checkbox": "^5.1.0", "@inquirer/confirm": "^6.0.8", "@inquirer/editor": "^5.0.8", "@inquirer/expand": "^5.0.8", "@inquirer/input": "^5.0.8", "@inquirer/number": "^4.0.8", "@inquirer/password": "^5.0.8", "@inquirer/rawlist": "^5.2.4", "@inquirer/search": "^4.1.4", "@inquirer/select": "^5.1.0" }, "peerDependencies": { "@types/node": ">=18" }, "optionalPeers": ["@types/node"] }, "sha512-JAj66kjdH/F1+B7LCigjARbwstt3SNUOSzMdjpsvwJmzunK88gJeXmcm95L9nw1KynvFVuY4SzXh/3Y0lvtgSg=="],

    "@inquirer/rawlist": ["@inquirer/rawlist@5.2.4", "", { "dependencies": { "@inquirer/core": "^11.1.5", "@inquirer/type": "^4.0.3" }, "peerDependencies": { "@types/node": ">=18" }, "optionalPeers": ["@types/node"] }, "sha512-fTuJ5Cq9W286isLxwj6GGyfTjx1Zdk4qppVEPexFuA6yioCCXS4V1zfKroQqw7QdbDPN73xs2DiIAlo55+kBqg=="],

    "@inquirer/search": ["@inquirer/search@4.1.4", "", { "dependencies": { "@inquirer/core": "^11.1.5", "@inquirer/figures": "^2.0.3", "@inquirer/type": "^4.0.3" }, "peerDependencies": { "@types/node": ">=18" }, "optionalPeers": ["@types/node"] }, "sha512-9yPTxq7LPmYjrGn3DRuaPuPbmC6u3fiWcsE9ggfLcdgO/ICHYgxq7mEy1yJ39brVvgXhtOtvDVjDh9slJxE4LQ=="],

    "@inquirer/select": ["@inquirer/select@5.1.0", "", { "dependencies": { "@inquirer/ansi": "^2.0.3", "@inquirer/core": "^11.1.5", "@inquirer/figures": "^2.0.3", "@inquirer/type": "^4.0.3" }, "peerDependencies": { "@types/node": ">=18" }, "optionalPeers": ["@types/node"] }, "sha512-OyYbKnchS1u+zRe14LpYrN8S0wH1vD0p2yKISvSsJdH2TpI87fh4eZdWnpdbrGauCRWDph3NwxRmM4Pcm/hx1Q=="],

    "@inquirer/type": ["@inquirer/type@4.0.3", "", { "peerDependencies": { "@types/node": ">=18" }, "optionalPeers": ["@types/node"] }, "sha512-cKZN7qcXOpj1h+1eTTcGDVLaBIHNMT1Rz9JqJP5MnEJ0JhgVWllx7H/tahUp5YEK1qaByH2Itb8wLG/iScD5kw=="],

    "@isaacs/fs-minipass": ["@isaacs/fs-minipass@4.0.1", "", { "dependencies": { "minipass": "^7.0.4" } }, "sha512-wgm9Ehl2jpeqP3zw/7mo3kRHFp5MEDhqAdwy1fTGkHAwnkGOVsgpvQhL8B5n1qlb01jV3n/bI0ZfZp5lWA1k4w=="],

    "@nodelib/fs.scandir": ["@nodelib/fs.scandir@2.1.5", "", { "dependencies": { "@nodelib/fs.stat": "2.0.5", "run-parallel": "^1.1.9" } }, "sha512-vq24Bq3ym5HEQm2NKCr3yXDwjc7vTsEThRDnkp2DK9p1uqLR+DHurm/NOTo0KG7HYHU7eppKZj3MyqYuMBf62g=="],

    "@nodelib/fs.stat": ["@nodelib/fs.stat@2.0.5", "", {}, "sha512-RkhPPp2zrqDAQA/2jNhnztcPAlv64XdhIp7a7454A5ovI7Bukxgt7MX7udwAu3zg1DcpPU0rz3VV1SeaqvY4+A=="],

    "@nodelib/fs.walk": ["@nodelib/fs.walk@1.2.8", "", { "dependencies": { "@nodelib/fs.scandir": "2.1.5", "fastq": "^1.6.0" } }, "sha512-oGB+UxlgWcgQkgwo8GcEGwemoTFt3FIO9ababBmaGwXIoBKZ+GTy0pP185beGg7Llih/NSHSV2XAs1lnznocSg=="],

    "@scalar/helpers": ["@scalar/helpers@0.2.11", "", {}, "sha512-Y7DLt1bIZF9dvHzJwSJTcC1lpSr1Tbf4VBhHOCRIHu23Rr7/lhQnddRxFmPV1tZXwEQKz7F7yRrubwCfKPCucw=="],

    "@scalar/json-magic": ["@scalar/json-magic@0.9.6", "", { "dependencies": { "@scalar/helpers": "0.2.11", "yaml": "^2.8.0" } }, "sha512-2TKoqkAophHti1nH+rvQlR4lhD6X9tqQpuNeAE0cytHSX/yndkSOE0yA7cep5T9tFjGN4Km0gMnelvY3LgWs4A=="],

    "@scalar/openapi-parser": ["@scalar/openapi-parser@0.24.17", "", { "dependencies": { "@scalar/helpers": "0.2.18", "@scalar/json-magic": "0.11.7", "@scalar/openapi-types": "0.5.4", "@scalar/openapi-upgrader": "0.1.11", "ajv": "^8.17.1", "ajv-draft-04": "^1.0.0", "ajv-formats": "^3.0.1", "jsonpointer": "^5.0.1", "leven": "^4.0.0", "yaml": "^2.8.0" } }, "sha512-aM9UVrzlMreC3X/sZbyj+7XDZmat3ecGC3RpU8dqEO/HIH+CEX0xMLuP+41DhePCYg5+9TtDomSfWuMq4x1Z1A=="],

    "@scalar/openapi-types": ["@scalar/openapi-types@0.5.4", "", { "dependencies": { "zod": "^4.3.5" } }, "sha512-2pEbhprh8lLGDfUI6mNm9EV104pjb3+aJsXrFaqfgOSre7r6NlgM5HcSbsLjzDAnTikjJhJ3IMal1Rz8WVwiOw=="],

    "@scalar/openapi-upgrader": ["@scalar/openapi-upgrader@0.1.11", "", { "dependencies": { "@scalar/openapi-types": "0.5.4" } }, "sha512-ngJcHGoCHmpWgYtNy08vmzFfLdQEkMpvaCQqNPPMNKq0QEXOv89e/rn+TZJZgPnRlY7fDIoIhn9lNgr+azBW+w=="],

    "@sindresorhus/merge-streams": ["@sindresorhus/merge-streams@4.0.0", "", {}, "sha512-tlqY9xq5ukxTUZBmoOp+m61cqwQD5pHJtFY3Mn8CA8ps6yghLH/Hw8UPdqg4OLmFW3IFlcXnQNmo/dh8HzXYIQ=="],

    "@typespec/asset-emitter": ["@typespec/asset-emitter@0.79.0", "", { "peerDependencies": { "@typespec/compiler": "^1.9.0" } }, "sha512-pNMtfSSwgmTQ2ex6bd1l6BUW2RLjSFnWQO5C5bNSleV62YEH5jMLn3THWDU9oUB0JoiBjgomV8cPqNRTJ+iV9w=="],

    "@typespec/compiler": ["@typespec/compiler@1.9.0", "", { "dependencies": { "@babel/code-frame": "~7.28.6", "@inquirer/prompts": "^8.0.1", "ajv": "~8.17.1", "change-case": "~5.4.4", "env-paths": "^3.0.0", "globby": "~16.1.0", "is-unicode-supported": "^2.1.0", "mustache": "~4.2.0", "picocolors": "~1.1.1", "prettier": "~3.8.0", "semver": "^7.7.1", "tar": "^7.5.2", "temporal-polyfill": "^0.3.0", "vscode-languageserver": "~9.0.1", "vscode-languageserver-textdocument": "~1.0.12", "yaml": "~2.8.2", "yargs": "~18.0.0" }, "bin": { "tsp": "cmd/tsp.js", "tsp-server": "cmd/tsp-server.js" } }, "sha512-Rz9fFWQSTJSnhBfZvtA/bDIuO82fknYdtyMsL9lZNJE82rquC6JByHPFsnbGH1VXA0HhMj9L7Oqyp3f0m/BTOA=="],

    "@typespec/http": ["@typespec/http@1.9.1", "", { "peerDependencies": { "@typespec/compiler": "^1.9.0", "@typespec/streams": "^0.79.0" }, "optionalPeers": ["@typespec/streams"] }, "sha512-agcwmbB/hK/o9KmM38UB8OGZwLgB17lJ7b4EjqYGpyshqcRMTESMRxnJIH7rRzUq4HJDTqal0tsb8z0K0zXuDg=="],

    "@typespec/openapi": ["@typespec/openapi@1.9.0", "", { "peerDependencies": { "@typespec/compiler": "^1.9.0", "@typespec/http": "^1.9.0" } }, "sha512-5ieXCWRLcyFLv3IFk26ena/RW/NxvT5KiHaoNVFRd79J0XZjFcE0Od6Lxxqj4dWmCo3C8oKtOwFoQuie18G3lQ=="],

    "@typespec/openapi3": ["@typespec/openapi3@1.9.0", "", { "dependencies": { "@scalar/json-magic": "^0.9.1", "@scalar/openapi-parser": "^0.24.1", "@scalar/openapi-types": "^0.5.0", "@typespec/asset-emitter": "^0.79.0", "yaml": "~2.8.2" }, "peerDependencies": { "@typespec/compiler": "^1.9.0", "@typespec/events": "^0.79.0", "@typespec/http": "^1.9.0", "@typespec/json-schema": "^1.9.0", "@typespec/openapi": "^1.9.0", "@typespec/sse": "^0.79.0", "@typespec/streams": "^0.79.0", "@typespec/versioning": "^0.79.0" }, "optionalPeers": ["@typespec/events", "@typespec/json-schema", "@typespec/sse", "@typespec/streams", "@typespec/versioning"], "bin": { "tsp-openapi3": "cmd/tsp-openapi3.js" } }, "sha512-htwhrGHQxuoNwAljeJE8CBt5yfKOv48T9Ugv91Y+4yNnlevJfDT29yrfD2mXYMujVOr3Kte1qilazClafkUIgg=="],

    "ajv": ["ajv@8.17.1", "", { "dependencies": { "fast-deep-equal": "^3.1.3", "fast-uri": "^3.0.1", "json-schema-traverse": "^1.0.0", "require-from-string": "^2.0.2" } }, "sha512-B/gBuNg5SiMTrPkC+A2+cW0RszwxYmn6VYxB/inlBStS5nx6xHIt/ehKRhIMhqusl7a8LjQoZnjCs5vhwxOQ1g=="],

    "ajv-draft-04": ["ajv-draft-04@1.0.0", "", { "peerDependencies": { "ajv": "^8.5.0" }, "optionalPeers": ["ajv"] }, "sha512-mv00Te6nmYbRp5DCwclxtt7yV/joXJPGS7nM+97GdxvuttCOfgI3K4U25zboyeX0O+myI8ERluxQe5wljMmVIw=="],

    "ajv-formats": ["ajv-formats@3.0.1", "", { "dependencies": { "ajv": "^8.0.0" } }, "sha512-8iUql50EUR+uUcdRQ3HDqa6EVyo3docL8g5WJ3FNcWmu62IbkGUue/pEyLBW8VGKKucTPgqeks4fIU1DA4yowQ=="],

    "ansi-regex": ["ansi-regex@6.2.2", "", {}, "sha512-Bq3SmSpyFHaWjPk8If9yc6svM8c56dB5BAtW4Qbw5jHTwwXXcTLoRMkpDJp6VL0XzlWaCHTXrkFURMYmD0sLqg=="],

    "ansi-styles": ["ansi-styles@6.2.3", "", {}, "sha512-4Dj6M28JB+oAH8kFkTLUo+a2jwOFkuqb3yucU0CANcRRUbxS0cP0nZYCGjcc3BNXwRIsUVmDGgzawme7zvJHvg=="],

    "braces": ["braces@3.0.3", "", { "dependencies": { "fill-range": "^7.1.1" } }, "sha512-yQbXgO/OSZVD2IsiLlro+7Hf6Q18EJrKSEsdoMzKePKXct3gvD8oLcOQdIzGupr5Fj+EDe8gO/lxc1BzfMpxvA=="],

    "change-case": ["change-case@5.4.4", "", {}, "sha512-HRQyTk2/YPEkt9TnUPbOpr64Uw3KOicFWPVBb+xiHvd6eBx/qPr9xqfBFDT8P2vWsvvz4jbEkfDe71W3VyNu2w=="],

    "chardet": ["chardet@2.1.1", "", {}, "sha512-PsezH1rqdV9VvyNhxxOW32/d75r01NY7TQCmOqomRo15ZSOKbpTFVsfjghxo6JloQUCGnH4k1LGu0R4yCLlWQQ=="],

    "chownr": ["chownr@3.0.0", "", {}, "sha512-+IxzY9BZOQd/XuYPRmrvEVjF/nqj5kgT4kEq7VofrDoM1MxoRjEWkrCC3EtLi59TVawxTAn+orJwFQcrqEN1+g=="],

    "cli-width": ["cli-width@4.1.0", "", {}, "sha512-ouuZd4/dm2Sw5Gmqy6bGyNNNe1qt9RpmxveLSO7KcgsTnU7RXfsw+/bukWGo1abgBiMAic068rclZsO4IWmmxQ=="],

    "cliui": ["cliui@9.0.1", "", { "dependencies": { "string-width": "^7.2.0", "strip-ansi": "^7.1.0", "wrap-ansi": "^9.0.0" } }, "sha512-k7ndgKhwoQveBL+/1tqGJYNz097I7WOvwbmmU2AR5+magtbjPWQTS1C5vzGkBC8Ym8UWRzfKUzUUqFLypY4Q+w=="],

    "emoji-regex": ["emoji-regex@10.6.0", "", {}, "sha512-toUI84YS5YmxW219erniWD0CIVOo46xGKColeNQRgOzDorgBi1v4D71/OFzgD9GO2UGKIv1C3Sp8DAn0+j5w7A=="],

    "env-paths": ["env-paths@3.0.0", "", {}, "sha512-dtJUTepzMW3Lm/NPxRf3wP4642UWhjL2sQxc+ym2YMj1m/H2zDNQOlezafzkHwn6sMstjHTwG6iQQsctDW/b1A=="],

    "escalade": ["escalade@3.2.0", "", {}, "sha512-WUj2qlxaQtO4g6Pq5c29GTcWGDyd8itL8zTlipgECz3JesAiiOKotd8JU6otB3PACgG6xkJUyVhboMS+bje/jA=="],

    "fast-deep-equal": ["fast-deep-equal@3.1.3", "", {}, "sha512-f3qQ9oQy9j2AhBe/H9VC91wLmKBCCU/gDOnKNAYG5hswO7BLKj09Hc5HYNz9cGI++xlpDCIgDaitVs03ATR84Q=="],

    "fast-glob": ["fast-glob@3.3.3", "", { "dependencies": { "@nodelib/fs.stat": "^2.0.2", "@nodelib/fs.walk": "^1.2.3", "glob-parent": "^5.1.2", "merge2": "^1.3.0", "micromatch": "^4.0.8" } }, "sha512-7MptL8U0cqcFdzIzwOTHoilX9x5BrNqye7Z/LuC7kCMRio1EMSyqRK3BEAUD7sXRq4iT4AzTVuZdhgQ2TCvYLg=="],

    "fast-string-truncated-width": ["fast-string-truncated-width@3.0.3", "", {}, "sha512-0jjjIEL6+0jag3l2XWWizO64/aZVtpiGE3t0Zgqxv0DPuxiMjvB3M24fCyhZUO4KomJQPj3LTSUnDP3GpdwC0g=="],

    "fast-string-width": ["fast-string-width@3.0.2", "", { "dependencies": { "fast-string-truncated-width": "^3.0.2" } }, "sha512-gX8LrtNEI5hq8DVUfRQMbr5lpaS4nMIWV+7XEbXk2b8kiQIizgnlr12B4dA3ZEx3308ze0O4Q1R+cHts8kyUJg=="],

    "fast-uri": ["fast-uri@3.1.0", "", {}, "sha512-iPeeDKJSWf4IEOasVVrknXpaBV0IApz/gp7S2bb7Z4Lljbl2MGJRqInZiUrQwV16cpzw/D3S5j5Julj/gT52AA=="],

    "fast-wrap-ansi": ["fast-wrap-ansi@0.2.0", "", { "dependencies": { "fast-string-width": "^3.0.2" } }, "sha512-rLV8JHxTyhVmFYhBJuMujcrHqOT2cnO5Zxj37qROj23CP39GXubJRBUFF0z8KFK77Uc0SukZUf7JZhsVEQ6n8w=="],

    "fastq": ["fastq@1.20.1", "", { "dependencies": { "reusify": "^1.0.4" } }, "sha512-GGToxJ/w1x32s/D2EKND7kTil4n8OVk/9mycTc4VDza13lOvpUZTGX3mFSCtV9ksdGBVzvsyAVLM6mHFThxXxw=="],

    "fill-range": ["fill-range@7.1.1", "", { "dependencies": { "to-regex-range": "^5.0.1" } }, "sha512-YsGpe3WHLK8ZYi4tWDg2Jy3ebRz2rXowDxnld4bkQB00cc/1Zw9AWnC0i9ztDJitivtQvaI9KaLyKrc+hBW0yg=="],

    "get-caller-file": ["get-caller-file@2.0.5", "", {}, "sha512-DyFP3BM/3YHTQOCUL/w0OZHR0lpKeGrxotcHWcqNEdnltqFwXVfhEBQ94eIo34AfQpo0rGki4cyIiftY06h2Fg=="],

    "get-east-asian-width": ["get-east-asian-width@1.5.0", "", {}, "sha512-CQ+bEO+Tva/qlmw24dCejulK5pMzVnUOFOijVogd3KQs07HnRIgp8TGipvCCRT06xeYEbpbgwaCxglFyiuIcmA=="],

    "glob-parent": ["glob-parent@5.1.2", "", { "dependencies": { "is-glob": "^4.0.1" } }, "sha512-AOIgSQCepiJYwP3ARnGx+5VnTu2HBYdzbGP45eLw1vr3zB3vZLeyed1sC9hnbcOc9/SrMyM5RPQrkGz4aS9Zow=="],

    "globby": ["globby@16.1.1", "", { "dependencies": { "@sindresorhus/merge-streams": "^4.0.0", "fast-glob": "^3.3.3", "ignore": "^7.0.5", "is-path-inside": "^4.0.0", "slash": "^5.1.0", "unicorn-magic": "^0.4.0" } }, "sha512-dW7vl+yiAJSp6aCekaVnVJxurRv7DCOLyXqEG3RYMYUg7AuJ2jCqPkZTA8ooqC2vtnkaMcV5WfFBMuEnTu1OQg=="],

    "iconv-lite": ["iconv-lite@0.7.2", "", { "dependencies": { "safer-buffer": ">= 2.1.2 < 3.0.0" } }, "sha512-im9DjEDQ55s9fL4EYzOAv0yMqmMBSZp6G0VvFyTMPKWxiSBHUj9NW/qqLmXUwXrrM7AvqSlTCfvqRb0cM8yYqw=="],

    "ignore": ["ignore@7.0.5", "", {}, "sha512-Hs59xBNfUIunMFgWAbGX5cq6893IbWg4KnrjbYwX3tx0ztorVgTDA6B2sxf8ejHJ4wz8BqGUMYlnzNBer5NvGg=="],

    "is-extglob": ["is-extglob@2.1.1", "", {}, "sha512-SbKbANkN603Vi4jEZv49LeVJMn4yGwsbzZworEoyEiutsN3nJYdbO36zfhGJ6QEDpOZIFkDtnq5JRxmvl3jsoQ=="],

    "is-glob": ["is-glob@4.0.3", "", { "dependencies": { "is-extglob": "^2.1.1" } }, "sha512-xelSayHH36ZgE7ZWhli7pW34hNbNl8Ojv5KVmkJD4hBdD3th8Tfk9vYasLM+mXWOZhFkgZfxhLSnrwRr4elSSg=="],

    "is-number": ["is-number@7.0.0", "", {}, "sha512-41Cifkg6e8TylSpdtTpeLVMqvSBEVzTttHvERD741+pnZ8ANv0004MRL43QKPDlK9cGvNp6NZWZUBlbGXYxxng=="],

    "is-path-inside": ["is-path-inside@4.0.0", "", {}, "sha512-lJJV/5dYS+RcL8uQdBDW9c9uWFLLBNRyFhnAKXw5tVqLlKZ4RMGZKv+YQ/IA3OhD+RpbJa1LLFM1FQPGyIXvOA=="],

    "is-unicode-supported": ["is-unicode-supported@2.1.0", "", {}, "sha512-mE00Gnza5EEB3Ds0HfMyllZzbBrmLOX3vfWoj9A9PEnTfratQ/BcaJOuMhnkhjXvb2+FkY3VuHqtAGpTPmglFQ=="],

    "js-tokens": ["js-tokens@4.0.0", "", {}, "sha512-RdJUflcE3cUzKiMqQgsCu06FPu9UdIJO0beYbPhHN4k6apgJtifcoCtT9bcxOpYBtpD2kCM6Sbzg4CausW/PKQ=="],

    "json-schema-traverse": ["json-schema-traverse@1.0.0", "", {}, "sha512-NM8/P9n3XjXhIZn1lLhkFaACTOURQXjWhV4BA/RnOv8xvgqtqpAX9IO4mRQxSx1Rlo4tqzeqb0sOlruaOy3dug=="],

    "jsonpointer": ["jsonpointer@5.0.1", "", {}, "sha512-p/nXbhSEcu3pZRdkW1OfJhpsVtW1gd4Wa1fnQc9YLiTfAjn0312eMKimbdIQzuZl9aa9xUGaRlP9T/CJE/ditQ=="],

    "leven": ["leven@4.1.0", "", {}, "sha512-KZ9W9nWDT7rF7Dazg8xyLHGLrmpgq2nVNFUckhqdW3szVP6YhCpp/RAnpmVExA9JvrMynjwSLVrEj3AepHR6ew=="],

    "merge2": ["merge2@1.4.1", "", {}, "sha512-8q7VEgMJW4J8tcfVPy8g09NcQwZdbwFEqhe/WZkoIzjn/3TGDwtOCYtXGxA3O8tPzpczCCDgv+P2P5y00ZJOOg=="],

    "micromatch": ["micromatch@4.0.8", "", { "dependencies": { "braces": "^3.0.3", "picomatch": "^2.3.1" } }, "sha512-PXwfBhYu0hBCPw8Dn0E+WDYb7af3dSLVWKi3HGv84IdF4TyFoC0ysxFd0Goxw7nSv4T/PzEJQxsYsEiFCKo2BA=="],

    "minipass": ["minipass@7.1.3", "", {}, "sha512-tEBHqDnIoM/1rXME1zgka9g6Q2lcoCkxHLuc7ODJ5BxbP5d4c2Z5cGgtXAku59200Cx7diuHTOYfSBD8n6mm8A=="],

    "minizlib": ["minizlib@3.1.0", "", { "dependencies": { "minipass": "^7.1.2" } }, "sha512-KZxYo1BUkWD2TVFLr0MQoM8vUUigWD3LlD83a/75BqC+4qE0Hb1Vo5v1FgcfaNXvfXzr+5EhQ6ing/CaBijTlw=="],

    "mustache": ["mustache@4.2.0", "", { "bin": { "mustache": "bin/mustache" } }, "sha512-71ippSywq5Yb7/tVYyGbkBggbU8H3u5Rz56fH60jGFgr8uHwxs+aSKeqmluIVzM0m0kB7xQjKS6qPfd0b2ZoqQ=="],

    "mute-stream": ["mute-stream@3.0.0", "", {}, "sha512-dkEJPVvun4FryqBmZ5KhDo0K9iDXAwn08tMLDinNdRBNPcYEDiWYysLcc6k3mjTMlbP9KyylvRpd4wFtwrT9rw=="],

    "pathe": ["pathe@2.0.3", "", {}, "sha512-WUjGcAqP1gQacoQe+OBJsFA7Ld4DyXuUIjZ5cc75cLHvJ7dtNsTugphxIADwspS+AraAUePCKrSVtPLFj/F88w=="],

    "picocolors": ["picocolors@1.1.1", "", {}, "sha512-xceH2snhtb5M9liqDsmEw56le376mTZkEX/jEb/RxNFyegNul7eNslCXP9FDj/Lcu0X8KEyMceP2ntpaHrDEVA=="],

    "picomatch": ["picomatch@2.3.1", "", {}, "sha512-JU3teHTNjmE2VCGFzuY8EXzCDVwEqB2a8fsIvwaStHhAWJEeVd1o1QD80CU6+ZdEXXSLbSsuLwJjkCBWqRQUVA=="],

    "prettier": ["prettier@3.8.1", "", { "bin": { "prettier": "bin/prettier.cjs" } }, "sha512-UOnG6LftzbdaHZcKoPFtOcCKztrQ57WkHDeRD9t/PTQtmT0NHSeWWepj6pS0z/N7+08BHFDQVUrfmfMRcZwbMg=="],

    "queue-microtask": ["queue-microtask@1.2.3", "", {}, "sha512-NuaNSa6flKT5JaSYQzJok04JzTL1CA6aGhv5rfLW3PgqA+M2ChpZQnAC8h8i4ZFkBS8X5RqkDBHA7r4hej3K9A=="],

    "require-from-string": ["require-from-string@2.0.2", "", {}, "sha512-Xf0nWe6RseziFMu+Ap9biiUbmplq6S9/p+7w7YXP/JBHhrUDDUhwa+vANyubuqfZWTveU//DYVGsDG7RKL/vEw=="],

    "reusify": ["reusify@1.1.0", "", {}, "sha512-g6QUff04oZpHs0eG5p83rFLhHeV00ug/Yf9nZM6fLeUrPguBTkTQOdpAWWspMh55TZfVQDPaN3NQJfbVRAxdIw=="],

    "run-parallel": ["run-parallel@1.2.0", "", { "dependencies": { "queue-microtask": "^1.2.2" } }, "sha512-5l4VyZR86LZ/lDxZTR6jqL8AFE2S0IFLMP26AbjsLVADxHdhB/c0GUsH+y39UfCi3dzz8OlQuPmnaJOMoDHQBA=="],

    "safer-buffer": ["safer-buffer@2.1.2", "", {}, "sha512-YZo3K82SD7Riyi0E1EQPojLz7kpepnSQI9IyPbHHg1XXXevb5dJI7tpyN2ADxGcQbHG7vcyRHk0cbwqcQriUtg=="],

    "semver": ["semver@7.7.4", "", { "bin": { "semver": "bin/semver.js" } }, "sha512-vFKC2IEtQnVhpT78h1Yp8wzwrf8CM+MzKMHGJZfBtzhZNycRFnXsHk6E5TxIkkMsgNS7mdX3AGB7x2QM2di4lA=="],

    "signal-exit": ["signal-exit@4.1.0", "", {}, "sha512-bzyZ1e88w9O1iNJbKnOlvYTrWPDl46O1bG0D3XInv+9tkPrxrN8jUUTiFlDkkmKWgn1M6CfIA13SuGqOa9Korw=="],

    "slash": ["slash@5.1.0", "", {}, "sha512-ZA6oR3T/pEyuqwMgAKT0/hAv8oAXckzbkmR0UkUosQ+Mc4RxGoJkRmwHgHufaenlyAgE1Mxgpdcrf75y6XcnDg=="],

    "string-width": ["string-width@7.2.0", "", { "dependencies": { "emoji-regex": "^10.3.0", "get-east-asian-width": "^1.0.0", "strip-ansi": "^7.1.0" } }, "sha512-tsaTIkKW9b4N+AEj+SVA+WhJzV7/zMhcSu78mLKWSk7cXMOSHsBKFWUs0fWwq8QyK3MgJBQRX6Gbi4kYbdvGkQ=="],

    "strip-ansi": ["strip-ansi@7.2.0", "", { "dependencies": { "ansi-regex": "^6.2.2" } }, "sha512-yDPMNjp4WyfYBkHnjIRLfca1i6KMyGCtsVgoKe/z1+6vukgaENdgGBZt+ZmKPc4gavvEZ5OgHfHdrazhgNyG7w=="],

    "tar": ["tar@7.5.9", "", { "dependencies": { "@isaacs/fs-minipass": "^4.0.0", "chownr": "^3.0.0", "minipass": "^7.1.2", "minizlib": "^3.1.0", "yallist": "^5.0.0" } }, "sha512-BTLcK0xsDh2+PUe9F6c2TlRp4zOOBMTkoQHQIWSIzI0R7KG46uEwq4OPk2W7bZcprBMsuaeFsqwYr7pjh6CuHg=="],

    "temporal-polyfill": ["temporal-polyfill@0.3.0", "", { "dependencies": { "temporal-spec": "0.3.0" } }, "sha512-qNsTkX9K8hi+FHDfHmf22e/OGuXmfBm9RqNismxBrnSmZVJKegQ+HYYXT+R7Ha8F/YSm2Y34vmzD4cxMu2u95g=="],

    "temporal-spec": ["temporal-spec@0.3.0", "", {}, "sha512-n+noVpIqz4hYgFSMOSiINNOUOMFtV5cZQNCmmszA6GiVFVRt3G7AqVyhXjhCSmowvQn+NsGn+jMDMKJYHd3bSQ=="],

    "to-regex-range": ["to-regex-range@5.0.1", "", { "dependencies": { "is-number": "^7.0.0" } }, "sha512-65P7iz6X5yEr1cwcgvQxbbIw7Uk3gOy5dIdtZ4rDveLqhrdJP+Li/Hx6tyK0NEb+2GCyneCMJiGqrADCSNk8sQ=="],

    "unicorn-magic": ["unicorn-magic@0.4.0", "", {}, "sha512-wH590V9VNgYH9g3lH9wWjTrUoKsjLF6sGLjhR4sH1LWpLmCOH0Zf7PukhDA8BiS7KHe4oPNkcTHqYkj7SOGUOw=="],

    "vscode-jsonrpc": ["vscode-jsonrpc@8.2.0", "", {}, "sha512-C+r0eKJUIfiDIfwJhria30+TYWPtuHJXHtI7J0YlOmKAo7ogxP20T0zxB7HZQIFhIyvoBPwWskjxrvAtfjyZfA=="],

    "vscode-languageserver": ["vscode-languageserver@9.0.1", "", { "dependencies": { "vscode-languageserver-protocol": "3.17.5" }, "bin": { "installServerIntoExtension": "bin/installServerIntoExtension" } }, "sha512-woByF3PDpkHFUreUa7Hos7+pUWdeWMXRd26+ZX2A8cFx6v/JPTtd4/uN0/jB6XQHYaOlHbio03NTHCqrgG5n7g=="],

    "vscode-languageserver-protocol": ["vscode-languageserver-protocol@3.17.5", "", { "dependencies": { "vscode-jsonrpc": "8.2.0", "vscode-languageserver-types": "3.17.5" } }, "sha512-mb1bvRJN8SVznADSGWM9u/b07H7Ecg0I3OgXDuLdn307rl/J3A9YD6/eYOssqhecL27hK1IPZAsaqh00i/Jljg=="],

    "vscode-languageserver-textdocument": ["vscode-languageserver-textdocument@1.0.12", "", {}, "sha512-cxWNPesCnQCcMPeenjKKsOCKQZ/L6Tv19DTRIGuLWe32lyzWhihGVJ/rcckZXJxfdKCFvRLS3fpBIsV/ZGX4zA=="],

    "vscode-languageserver-types": ["vscode-languageserver-types@3.17.5", "", {}, "sha512-Ld1VelNuX9pdF39h2Hgaeb5hEZM2Z3jUrrMgWQAu82jMtZp7p3vJT3BzToKtZI7NgQssZje5o0zryOrhQvzQAg=="],

    "wrap-ansi": ["wrap-ansi@9.0.2", "", { "dependencies": { "ansi-styles": "^6.2.1", "string-width": "^7.0.0", "strip-ansi": "^7.1.0" } }, "sha512-42AtmgqjV+X1VpdOfyTGOYRi0/zsoLqtXQckTmqTeybT+BDIbM/Guxo7x3pE2vtpr1ok6xRqM9OpBe+Jyoqyww=="],

    "y18n": ["y18n@5.0.8", "", {}, "sha512-0pfFzegeDWJHJIAmTLRP2DwHjdF5s7jo9tuztdQxAhINCdvS+3nGINqPd00AphqJR/0LhANUS6/+7SCb98YOfA=="],

    "yallist": ["yallist@5.0.0", "", {}, "sha512-YgvUTfwqyc7UXVMrB+SImsVYSmTS8X/tSrtdNZMImM+n7+QTriRXyXim0mBrTXNeqzVF0KWGgHPeiyViFFrNDw=="],

    "yaml": ["yaml@2.8.2", "", { "bin": { "yaml": "bin.mjs" } }, "sha512-mplynKqc1C2hTVYxd0PU2xQAc22TI1vShAYGksCCfxbn/dFwnHTNi1bvYsBTkhdUNtGIf5xNOg938rrSSYvS9A=="],

    "yargs": ["yargs@18.0.0", "", { "dependencies": { "cliui": "^9.0.1", "escalade": "^3.1.1", "get-caller-file": "^2.0.5", "string-width": "^7.2.0", "y18n": "^5.0.5", "yargs-parser": "^22.0.0" } }, "sha512-4UEqdc2RYGHZc7Doyqkrqiln3p9X2DZVxaGbwhn2pi7MrRagKaOcIKe8L3OxYcbhXLgLFUS3zAYuQjKBQgmuNg=="],

    "yargs-parser": ["yargs-parser@22.0.0", "", {}, "sha512-rwu/ClNdSMpkSrUb+d6BRsSkLUq1fmfsY6TOpYzTwvwkg1/NRG85KBy3kq++A8LKQwX6lsu+aWad+2khvuXrqw=="],

    "zod": ["zod@4.3.6", "", {}, "sha512-rftlrkhHZOcjDwkGlnUtZZkvaPHCsDATp4pGpuOOMDaTdDDXF91wuVDJoWoPsKX/3YPQ5fHuF3STjcYyKr+Qhg=="],

    "@scalar/openapi-parser/@scalar/helpers": ["@scalar/helpers@0.2.18", "", {}, "sha512-w1d4tpNEVZ293oB2BAgLrS0kVPUtG3eByNmOCJA5eK9vcT4D3cmsGtWjUaaqit0BQCsBFHK51rasGvSWnApYTw=="],

    "@scalar/openapi-parser/@scalar/json-magic": ["@scalar/json-magic@0.11.7", "", { "dependencies": { "@scalar/helpers": "0.2.18", "pathe": "^2.0.3", "yaml": "^2.8.0" } }, "sha512-GVz9E0vXu+ecypkdn0biK1gbQVkK4QTTX1Hq3eMgxlLQC91wwiqWfCqwfhuX0LRu+Z5OmYhLhufDJEEh56rVgA=="],
  }
}
